<?xml version="1.0" encoding="utf-8"?>
<Project ToolsVersion="4.0" xmlns="http://schemas.microsoft.com/developer/msbuild/2003">
  <ItemGroup>
    <Filter Include="src">
      <UniqueIdentifier>{d8376475-7454-4a24-b08a-aac121d3ad6f}</UniqueIdentifier>
    </Filter>
    <Filter Include="addons">
      <UniqueIdentifier>{71834F65-F3A9-211E-73B8-DC85}</UniqueIdentifier>
    </Filter>
    <Filter Include="libs">
      <UniqueIdentifier>{75bdc8b3-22da-4b6d-9c35-2eee3913d508}</UniqueIdentifier>
    </Filter>
    <Filter Include="libs\MultiNEAT">
      <UniqueIdentifier>{af7aa803-ea62-4ce0-b55c-5bc0de8a1136}</UniqueIdentifier>
    </Filter>
    <Filter Include="addons\ofxImGui">
      <UniqueIdentifier>{e5be9ff0-c2a6-47a0-b296-dd9e979fd24f}</UniqueIdentifier>
    </Filter>
    <Filter Include="addons\ofxImGui\libs">
      <UniqueIdentifier>{c8ad4665-c308-4621-b0b1-5dcb7ce2542d}</UniqueIdentifier>
    </Filter>
    <Filter Include="addons\ofxImGui\src">
      <UniqueIdentifier>{bf4133c7-376c-484a-a7ae-beeb7d7f4de1}</UniqueIdentifier>
    </Filter>
    <Filter Include="addons\ofxImGui\libs\imgui">
      <UniqueIdentifier>{48f5c476-551b-4b43-bf38-b607c3647501}</UniqueIdentifier>
    </Filter>
    <Filter Include="addons\ofxImGui\libs\imgui\src">
      <UniqueIdentifier>{e3ebb071-c288-4df0-a48a-581758e59182}</UniqueIdentifier>
    </Filter>
    <Filter Include="addons\ofxIniSettings">
      <UniqueIdentifier>{ee056c37-1aae-4474-b836-fe057e0095ed}</UniqueIdentifier>
    </Filter>
    <Filter Include="addons\ofxGrabCam">
      <UniqueIdentifier>{91f9dc10-9745-480c-9244-cbb1d6bf7520}</UniqueIdentifier>
    </Filter>
    <Filter Include="src\Utils">
      <UniqueIdentifier>{c04f159c-5a9d-470d-af65-fdabb0e6b4f4}</UniqueIdentifier>
    </Filter>
  </ItemGroup>
  <ItemGroup>
    <ResourceCompile Include="icon.rc" />
  </ItemGroup>
  <ItemGroup>
    <ClCompile Include="src\main.cpp">
      <Filter>src</Filter>
    </ClCompile>
    <ClCompile Include="src\ofApp.cpp">
      <Filter>src</Filter>
    </ClCompile>
    <ClCompile Include="src\XORFitnessFunc.cpp">
      <Filter>src</Filter>
    </ClCompile>
    <ClCompile Include="src\GenomeBase.cpp">
      <Filter>src</Filter>
    </ClCompile>
    <ClCompile Include="..\..\..\..\tools\MultiNEAT\src\Genome.cpp">
      <Filter>libs\MultiNEAT</Filter>
    </ClCompile>
    <ClCompile Include="..\..\..\..\tools\MultiNEAT\src\Innovation.cpp">
      <Filter>libs\MultiNEAT</Filter>
    </ClCompile>
    <ClCompile Include="..\..\..\..\tools\MultiNEAT\src\NeuralNetwork.cpp">
      <Filter>libs\MultiNEAT</Filter>
    </ClCompile>
    <ClCompile Include="..\..\..\..\tools\MultiNEAT\src\Parameters.cpp">
      <Filter>libs\MultiNEAT</Filter>
    </ClCompile>
    <ClCompile Include="..\..\..\..\tools\MultiNEAT\src\Population.cpp">
      <Filter>libs\MultiNEAT</Filter>
    </ClCompile>
    <ClCompile Include="..\..\..\..\tools\MultiNEAT\src\Random.cpp">
      <Filter>libs\MultiNEAT</Filter>
    </ClCompile>
    <ClCompile Include="..\..\..\..\tools\MultiNEAT\src\Species.cpp">
      <Filter>libs\MultiNEAT</Filter>
    </ClCompile>
    <ClCompile Include="..\..\..\..\tools\MultiNEAT\src\Substrate.cpp">
      <Filter>libs\MultiNEAT</Filter>
    </ClCompile>
    <ClCompile Include="..\..\..\..\tools\MultiNEAT\src\Traits.cpp">
      <Filter>libs\MultiNEAT</Filter>
    </ClCompile>
    <ClCompile Include="..\..\..\..\tools\MultiNEAT\src\Utils.cpp">
      <Filter>libs\MultiNEAT</Filter>
    </ClCompile>
    <ClCompile Include="src\NEATManager.cpp">
      <Filter>src</Filter>
    </ClCompile>
    <ClCompile Include="..\..\..\addons\ofxImGui\libs\imgui\src\imgui.cpp">
      <Filter>addons\ofxImGui\libs\imgui\src</Filter>
    </ClCompile>
    <ClCompile Include="..\..\..\addons\ofxImGui\libs\imgui\src\imgui_demo.cpp">
      <Filter>addons\ofxImGui\libs\imgui\src</Filter>
    </ClCompile>
    <ClCompile Include="..\..\..\addons\ofxImGui\libs\imgui\src\imgui_draw.cpp">
      <Filter>addons\ofxImGui\libs\imgui\src</Filter>
    </ClCompile>
    <ClCompile Include="..\..\..\addons\ofxImGui\libs\imgui\src\imgui_widgets.cpp">
      <Filter>addons\ofxImGui\libs\imgui\src</Filter>
    </ClCompile>
    <ClCompile Include="..\..\..\addons\ofxImGui\src\BaseEngine.cpp">
      <Filter>addons\ofxImGui\src</Filter>
    </ClCompile>
    <ClCompile Include="..\..\..\addons\ofxImGui\src\DefaultTheme.cpp">
      <Filter>addons\ofxImGui\src</Filter>
    </ClCompile>
    <ClCompile Include="..\..\..\addons\ofxImGui\src\EngineGLFW.cpp">
      <Filter>addons\ofxImGui\src</Filter>
    </ClCompile>
    <ClCompile Include="..\..\..\addons\ofxImGui\src\EngineOpenGLES.cpp">
      <Filter>addons\ofxImGui\src</Filter>
    </ClCompile>
    <ClCompile Include="..\..\..\addons\ofxImGui\src\EngineVk.cpp">
      <Filter>addons\ofxImGui\src</Filter>
    </ClCompile>
    <ClCompile Include="..\..\..\addons\ofxImGui\src\Gui.cpp">
      <Filter>addons\ofxImGui\src</Filter>
    </ClCompile>
    <ClCompile Include="..\..\..\addons\ofxImGui\src\Helpers.cpp">
      <Filter>addons\ofxImGui\src</Filter>
    </ClCompile>
    <ClCompile Include="..\..\..\addons\ofxImGui\src\ofxImGuiLoggerChannel.cpp">
      <Filter>addons\ofxImGui\src</Filter>
    </ClCompile>
    <ClCompile Include="src\SimulationManager.cpp">
      <Filter>src</Filter>
    </ClCompile>
    <ClCompile Include="src\SimNode.cpp">
      <Filter>src</Filter>
    </ClCompile>
    <ClCompile Include="src\SimDebugDrawer.cpp">
      <Filter>src</Filter>
    </ClCompile>
    <ClCompile Include="..\..\..\addons\ofxIniSettings\src\ofxIniSettings.cpp">
      <Filter>addons\ofxIniSettings</Filter>
    </ClCompile>
    <ClCompile Include="src\SimCam.cpp">
      <Filter>src</Filter>
    </ClCompile>
    <ClCompile Include="..\..\..\addons\ofxGrabCam\src\ofxGrabCam.cpp">
      <Filter>addons\ofxGrabCam</Filter>
    </ClCompile>
    <ClCompile Include="src\SimCreature.cpp">
      <Filter>src</Filter>
    </ClCompile>
    <ClCompile Include="src\SimCanvasNode.cpp">
      <Filter>src</Filter>
    </ClCompile>
    <ClCompile Include="src\ImageSaverThread.cpp">
      <Filter>src</Filter>
    </ClCompile>
    <ClCompile Include="src\PaintFitnessFunc.cpp">
      <Filter>src</Filter>
    </ClCompile>
    <ClCompile Include="src\SimNodeBase.cpp">
      <Filter>src</Filter>
    </ClCompile>
  </ItemGroup>
  <ItemGroup>
    <ClInclude Include="src\ofApp.h">
      <Filter>src</Filter>
    </ClInclude>
    <ClInclude Include="src\XORFitnessFunc.h">
      <Filter>src</Filter>
    </ClInclude>
    <ClInclude Include="src\FitnessFunc.h">
      <Filter>src</Filter>
    </ClInclude>
    <ClInclude Include="src\GenomeBase.h">
      <Filter>src</Filter>
    </ClInclude>
    <ClInclude Include="..\..\..\..\tools\MultiNEAT\src\Genes.h">
      <Filter>libs\MultiNEAT</Filter>
    </ClInclude>
    <ClInclude Include="..\..\..\..\tools\MultiNEAT\src\Genome.h">
      <Filter>libs\MultiNEAT</Filter>
    </ClInclude>
    <ClInclude Include="..\..\..\..\tools\MultiNEAT\src\Innovation.h">
      <Filter>libs\MultiNEAT</Filter>
    </ClInclude>
    <ClInclude Include="..\..\..\..\tools\MultiNEAT\src\MultiNEAT.h">
      <Filter>libs\MultiNEAT</Filter>
    </ClInclude>
    <ClInclude Include="..\..\..\..\tools\MultiNEAT\src\MultiNEATAssert.h">
      <Filter>libs\MultiNEAT</Filter>
    </ClInclude>
    <ClInclude Include="..\..\..\..\tools\MultiNEAT\src\NeuralNetwork.h">
      <Filter>libs\MultiNEAT</Filter>
    </ClInclude>
    <ClInclude Include="..\..\..\..\tools\MultiNEAT\src\Parameters.h">
      <Filter>libs\MultiNEAT</Filter>
    </ClInclude>
    <ClInclude Include="..\..\..\..\tools\MultiNEAT\src\PhenotypeBehavior.h">
      <Filter>libs\MultiNEAT</Filter>
    </ClInclude>
    <ClInclude Include="..\..\..\..\tools\MultiNEAT\src\Population.h">
      <Filter>libs\MultiNEAT</Filter>
    </ClInclude>
    <ClInclude Include="..\..\..\..\tools\MultiNEAT\src\Random.h">
      <Filter>libs\MultiNEAT</Filter>
    </ClInclude>
    <ClInclude Include="..\..\..\..\tools\MultiNEAT\src\Species.h">
      <Filter>libs\MultiNEAT</Filter>
    </ClInclude>
    <ClInclude Include="..\..\..\..\tools\MultiNEAT\src\Substrate.h">
      <Filter>libs\MultiNEAT</Filter>
    </ClInclude>
    <ClInclude Include="..\..\..\..\tools\MultiNEAT\src\Traits.h">
      <Filter>libs\MultiNEAT</Filter>
    </ClInclude>
    <ClInclude Include="..\..\..\..\tools\MultiNEAT\src\Utils.h">
      <Filter>libs\MultiNEAT</Filter>
    </ClInclude>
    <ClInclude Include="src\NEATManager.h">
      <Filter>src</Filter>
    </ClInclude>
    <ClInclude Include="..\..\..\addons\ofxImGui\libs\imgui\src\imgui.h">
      <Filter>addons\ofxImGui\libs\imgui\src</Filter>
    </ClInclude>
    <ClInclude Include="..\..\..\addons\ofxImGui\libs\imgui\src\imgui_internal.h">
      <Filter>addons\ofxImGui\libs\imgui\src</Filter>
    </ClInclude>
    <ClInclude Include="..\..\..\addons\ofxImGui\libs\imgui\src\imstb_rectpack.h">
      <Filter>addons\ofxImGui\libs\imgui\src</Filter>
    </ClInclude>
    <ClInclude Include="..\..\..\addons\ofxImGui\libs\imgui\src\imstb_textedit.h">
      <Filter>addons\ofxImGui\libs\imgui\src</Filter>
    </ClInclude>
    <ClInclude Include="..\..\..\addons\ofxImGui\libs\imgui\src\imstb_truetype.h">
      <Filter>addons\ofxImGui\libs\imgui\src</Filter>
    </ClInclude>
    <ClInclude Include="..\..\..\addons\ofxImGui\src\BaseEngine.h">
      <Filter>addons\ofxImGui\src</Filter>
    </ClInclude>
    <ClInclude Include="..\..\..\addons\ofxImGui\src\BaseTheme.h">
      <Filter>addons\ofxImGui\src</Filter>
    </ClInclude>
    <ClInclude Include="..\..\..\addons\ofxImGui\src\DefaultTheme.h">
      <Filter>addons\ofxImGui\src</Filter>
    </ClInclude>
    <ClInclude Include="..\..\..\addons\ofxImGui\src\EngineGLFW.h">
      <Filter>addons\ofxImGui\src</Filter>
    </ClInclude>
    <ClInclude Include="..\..\..\addons\ofxImGui\src\EngineOpenGLES.h">
      <Filter>addons\ofxImGui\src</Filter>
    </ClInclude>
    <ClInclude Include="..\..\..\addons\ofxImGui\src\EngineVk.h">
      <Filter>addons\ofxImGui\src</Filter>
    </ClInclude>
    <ClInclude Include="..\..\..\addons\ofxImGui\src\Gui.h">
      <Filter>addons\ofxImGui\src</Filter>
    </ClInclude>
    <ClInclude Include="..\..\..\addons\ofxImGui\src\Helpers.h">
      <Filter>addons\ofxImGui\src</Filter>
    </ClInclude>
    <ClInclude Include="..\..\..\addons\ofxImGui\src\imconfig.h">
      <Filter>addons\ofxImGui\src</Filter>
    </ClInclude>
    <ClInclude Include="..\..\..\addons\ofxImGui\src\ofxImGui.h">
      <Filter>addons\ofxImGui\src</Filter>
    </ClInclude>
    <ClInclude Include="..\..\..\addons\ofxImGui\src\ofxImGuiLoggerChannel.h">
      <Filter>addons\ofxImGui\src</Filter>
    </ClInclude>
    <ClInclude Include="src\SimulationManager.h">
      <Filter>src</Filter>
    </ClInclude>
    <ClInclude Include="src\SimNode.h">
      <Filter>src</Filter>
    </ClInclude>
    <ClInclude Include="src\SimDebugDrawer.h">
      <Filter>src</Filter>
    </ClInclude>
    <ClInclude Include="..\..\..\addons\ofxIniSettings\src\ofxIniSettings.h">
      <Filter>addons\ofxIniSettings</Filter>
    </ClInclude>
    <ClInclude Include="src\SimCam.h">
      <Filter>src</Filter>
    </ClInclude>
    <ClInclude Include="..\..\..\addons\ofxGrabCam\src\ofxGrabCam.h">
      <Filter>addons\ofxGrabCam</Filter>
    </ClInclude>
    <ClInclude Include="src\SimCreature.h">
      <Filter>src</Filter>
    </ClInclude>
    <ClInclude Include="src\MathUtils.h">
      <Filter>src\Utils</Filter>
    </ClInclude>
    <ClInclude Include="src\SimUtils.h">
      <Filter>src\Utils</Filter>
    </ClInclude>
    <ClInclude Include="src\NEATUtils.h">
      <Filter>src\Utils</Filter>
    </ClInclude>
    <ClInclude Include="src\toolbox.h">
      <Filter>src\Utils</Filter>
    </ClInclude>
    <ClInclude Include="src\SimCanvasNode.h">
      <Filter>src</Filter>
    </ClInclude>
    <ClInclude Include="src\ImageSaverThread.h">
      <Filter>src</Filter>
    </ClInclude>
    <ClInclude Include="src\PaintFitnessFunc.h">
      <Filter>src</Filter>
    </ClInclude>
    <ClInclude Include="src\SimFitnessFunc.h">
      <Filter>src</Filter>
    </ClInclude>
    <ClInclude Include="src\Scheduler.h">
      <Filter>src</Filter>
    </ClInclude>
    <ClInclude Include="src\SimSharedData.h">
      <Filter>src</Filter>
    </ClInclude>
    <ClInclude Include="src\SimNodeBase.h">
      <Filter>src</Filter>
    </ClInclude>
  </ItemGroup>
</Project>