<?xml version="1.0" encoding="utf-8"?>
<Project ToolsVersion="4.0" xmlns="http://schemas.microsoft.com/developer/msbuild/2003">
  <ItemGroup>
    <Filter Include="src">
      <UniqueIdentifier>{d8376475-7454-4a24-b08a-aac121d3ad6f}</UniqueIdentifier>
    </Filter>
    <Filter Include="addons">
      <UniqueIdentifier>{71834F65-F3A9-211E-73B8-DC85}</UniqueIdentifier>
    </Filter>
    <Filter Include="libs">
      <UniqueIdentifier>{75bdc8b3-22da-4b6d-9c35-2eee3913d508}</UniqueIdentifier>
    </Filter>
    <Filter Include="addons\ofxImGui">
      <UniqueIdentifier>{e5be9ff0-c2a6-47a0-b296-dd9e979fd24f}</UniqueIdentifier>
    </Filter>
    <Filter Include="addons\ofxImGui\libs">
      <UniqueIdentifier>{c8ad4665-c308-4621-b0b1-5dcb7ce2542d}</UniqueIdentifier>
    </Filter>
    <Filter Include="addons\ofxImGui\src">
      <UniqueIdentifier>{bf4133c7-376c-484a-a7ae-beeb7d7f4de1}</UniqueIdentifier>
    </Filter>
    <Filter Include="addons\ofxImGui\libs\imgui">
      <UniqueIdentifier>{48f5c476-551b-4b43-bf38-b607c3647501}</UniqueIdentifier>
    </Filter>
    <Filter Include="addons\ofxImGui\libs\imgui\src">
      <UniqueIdentifier>{e3ebb071-c288-4df0-a48a-581758e59182}</UniqueIdentifier>
    </Filter>
    <Filter Include="addons\ofxIniSettings">
      <UniqueIdentifier>{ee056c37-1aae-4474-b836-fe057e0095ed}</UniqueIdentifier>
    </Filter>
    <Filter Include="addons\ofxGrabCam">
      <UniqueIdentifier>{91f9dc10-9745-480c-9244-cbb1d6bf7520}</UniqueIdentifier>
    </Filter>
    <Filter Include="src\Utils">
      <UniqueIdentifier>{c04f159c-5a9d-470d-af65-fdabb0e6b4f4}</UniqueIdentifier>
    </Filter>
    <Filter Include="addons\ofxShadowMap">
      <UniqueIdentifier>{26399985-4919-4f01-82a9-bea52940ffa5}</UniqueIdentifier>
    </Filter>
    <Filter Include="addons\ofxOpenCv">
      <UniqueIdentifier>{248ba4be-7635-4bbf-8b1a-d7828a9c4110}</UniqueIdentifier>
    </Filter>
    <Filter Include="addons\ofxOsc">
      <UniqueIdentifier>{e420542e-d273-4c82-b07a-2040e4a29595}</UniqueIdentifier>
    </Filter>
    <Filter Include="libs\lz4">
      <UniqueIdentifier>{cddcb2aa-1cfe-45a3-ae92-9ee705d56c85}</UniqueIdentifier>
    </Filter>
    <Filter Include="libs\json">
      <UniqueIdentifier>{f56cebb7-b599-4a71-be8e-c5b1aba386f7}</UniqueIdentifier>
    </Filter>
    <Filter Include="src\Genome">
      <UniqueIdentifier>{caf631a3-1bb9-41d4-93b7-86c6c6b71acc}</UniqueIdentifier>
    </Filter>
    <Filter Include="src\Networking">
      <UniqueIdentifier>{34f3795d-73c5-43db-a0de-4d88a56f52ce}</UniqueIdentifier>
    </Filter>
    <Filter Include="src\Simulator">
      <UniqueIdentifier>{5d5d5fb1-20e3-4a75-a907-3319a0776e2c}</UniqueIdentifier>
    </Filter>
  </ItemGroup>
  <ItemGroup>
    <ResourceCompile Include="icon.rc" />
  </ItemGroup>
  <ItemGroup>
    <ClCompile Include="src\main.cpp">
      <Filter>src</Filter>
    </ClCompile>
    <ClCompile Include="src\ofApp.cpp">
      <Filter>src</Filter>
    </ClCompile>
    <ClCompile Include="..\..\..\addons\ofxImGui\libs\imgui\src\imgui.cpp">
      <Filter>addons\ofxImGui\libs\imgui\src</Filter>
    </ClCompile>
    <ClCompile Include="..\..\..\addons\ofxImGui\libs\imgui\src\imgui_demo.cpp">
      <Filter>addons\ofxImGui\libs\imgui\src</Filter>
    </ClCompile>
    <ClCompile Include="..\..\..\addons\ofxImGui\libs\imgui\src\imgui_draw.cpp">
      <Filter>addons\ofxImGui\libs\imgui\src</Filter>
    </ClCompile>
    <ClCompile Include="..\..\..\addons\ofxImGui\libs\imgui\src\imgui_widgets.cpp">
      <Filter>addons\ofxImGui\libs\imgui\src</Filter>
    </ClCompile>
    <ClCompile Include="..\..\..\addons\ofxImGui\src\BaseEngine.cpp">
      <Filter>addons\ofxImGui\src</Filter>
    </ClCompile>
    <ClCompile Include="..\..\..\addons\ofxImGui\src\DefaultTheme.cpp">
      <Filter>addons\ofxImGui\src</Filter>
    </ClCompile>
    <ClCompile Include="..\..\..\addons\ofxImGui\src\EngineGLFW.cpp">
      <Filter>addons\ofxImGui\src</Filter>
    </ClCompile>
    <ClCompile Include="..\..\..\addons\ofxImGui\src\EngineOpenGLES.cpp">
      <Filter>addons\ofxImGui\src</Filter>
    </ClCompile>
    <ClCompile Include="..\..\..\addons\ofxImGui\src\EngineVk.cpp">
      <Filter>addons\ofxImGui\src</Filter>
    </ClCompile>
    <ClCompile Include="..\..\..\addons\ofxImGui\src\Gui.cpp">
      <Filter>addons\ofxImGui\src</Filter>
    </ClCompile>
    <ClCompile Include="..\..\..\addons\ofxImGui\src\Helpers.cpp">
      <Filter>addons\ofxImGui\src</Filter>
    </ClCompile>
    <ClCompile Include="..\..\..\addons\ofxImGui\src\ofxImGuiLoggerChannel.cpp">
      <Filter>addons\ofxImGui\src</Filter>
    </ClCompile>
    <ClCompile Include="..\..\..\addons\ofxIniSettings\src\ofxIniSettings.cpp">
      <Filter>addons\ofxIniSettings</Filter>
    </ClCompile>
    <ClCompile Include="..\..\..\addons\ofxGrabCam\src\ofxGrabCam.cpp">
      <Filter>addons\ofxGrabCam</Filter>
    </ClCompile>
    <ClCompile Include="..\..\..\addons\ofxShadowMap\src\ofxShadowMap.cpp">
      <Filter>addons\ofxShadowMap</Filter>
    </ClCompile>
    <ClCompile Include="..\..\..\addons\ofxOpenCv\src\ofxCvColorImage.cpp">
      <Filter>addons\ofxOpenCv</Filter>
    </ClCompile>
    <ClCompile Include="..\..\..\addons\ofxOpenCv\src\ofxCvContourFinder.cpp">
      <Filter>addons\ofxOpenCv</Filter>
    </ClCompile>
    <ClCompile Include="..\..\..\addons\ofxOpenCv\src\ofxCvFloatImage.cpp">
      <Filter>addons\ofxOpenCv</Filter>
    </ClCompile>
    <ClCompile Include="..\..\..\addons\ofxOpenCv\src\ofxCvGrayscaleImage.cpp">
      <Filter>addons\ofxOpenCv</Filter>
    </ClCompile>
    <ClCompile Include="..\..\..\addons\ofxOpenCv\src\ofxCvHaarFinder.cpp">
      <Filter>addons\ofxOpenCv</Filter>
    </ClCompile>
    <ClCompile Include="..\..\..\addons\ofxOpenCv\src\ofxCvImage.cpp">
      <Filter>addons\ofxOpenCv</Filter>
    </ClCompile>
    <ClCompile Include="..\..\..\addons\ofxOpenCv\src\ofxCvShortImage.cpp">
      <Filter>addons\ofxOpenCv</Filter>
    </ClCompile>
    <ClCompile Include="..\..\..\addons\ofxOsc\libs\oscpack\src\ip\IpEndpointName.cpp">
      <Filter>addons\ofxOsc</Filter>
    </ClCompile>
    <ClCompile Include="..\..\..\addons\ofxOsc\libs\oscpack\src\ip\win32\NetworkingUtils.cpp">
      <Filter>addons\ofxOsc</Filter>
    </ClCompile>
    <ClCompile Include="..\..\..\addons\ofxOsc\libs\oscpack\src\ip\win32\UdpSocket.cpp">
      <Filter>addons\ofxOsc</Filter>
    </ClCompile>
    <ClCompile Include="..\..\..\addons\ofxOsc\libs\oscpack\src\osc\OscOutboundPacketStream.cpp">
      <Filter>addons\ofxOsc</Filter>
    </ClCompile>
    <ClCompile Include="..\..\..\addons\ofxOsc\libs\oscpack\src\osc\OscPrintReceivedElements.cpp">
      <Filter>addons\ofxOsc</Filter>
    </ClCompile>
    <ClCompile Include="..\..\..\addons\ofxOsc\libs\oscpack\src\osc\OscReceivedElements.cpp">
      <Filter>addons\ofxOsc</Filter>
    </ClCompile>
    <ClCompile Include="..\..\..\addons\ofxOsc\libs\oscpack\src\osc\OscTypes.cpp">
      <Filter>addons\ofxOsc</Filter>
    </ClCompile>
    <ClCompile Include="..\..\..\addons\ofxOsc\src\ofxOscBundle.cpp">
      <Filter>addons\ofxOsc</Filter>
    </ClCompile>
    <ClCompile Include="..\..\..\addons\ofxOsc\src\ofxOscMessage.cpp">
      <Filter>addons\ofxOsc</Filter>
    </ClCompile>
    <ClCompile Include="..\..\..\addons\ofxOsc\src\ofxOscParameterSync.cpp">
      <Filter>addons\ofxOsc</Filter>
    </ClCompile>
    <ClCompile Include="..\..\..\addons\ofxOsc\src\ofxOscReceiver.cpp">
      <Filter>addons\ofxOsc</Filter>
    </ClCompile>
    <ClCompile Include="..\..\..\addons\ofxOsc\src\ofxOscSender.cpp">
      <Filter>addons\ofxOsc</Filter>
    </ClCompile>
    <ClCompile Include="libs\lz4\lz4.c">
      <Filter>libs\lz4</Filter>
    </ClCompile>
    <ClCompile Include="libs\lz4\lz4frame.c">
      <Filter>libs\lz4</Filter>
    </ClCompile>
    <ClCompile Include="libs\lz4\lz4hc.c">
      <Filter>libs\lz4</Filter>
    </ClCompile>
    <ClCompile Include="libs\lz4\xxhash.c">
      <Filter>libs\lz4</Filter>
    </ClCompile>
    <ClCompile Include="src\Genome\DirectedGraph.cpp">
      <Filter>src\Genome</Filter>
    </ClCompile>
    <ClCompile Include="src\Genome\DirectedGraphConnection.cpp">
      <Filter>src\Genome</Filter>
    </ClCompile>
    <ClCompile Include="src\Genome\DirectedGraphNode.cpp">
      <Filter>src\Genome</Filter>
    </ClCompile>
    <ClCompile Include="src\Networking\NetworkManager.cpp">
      <Filter>src\Networking</Filter>
    </ClCompile>
    <ClCompile Include="src\Networking\BufferSender.cpp">
      <Filter>src\Networking</Filter>
    </ClCompile>
    <ClCompile Include="src\Networking\BufferSenderThread.cpp">
      <Filter>src\Networking</Filter>
    </ClCompile>
    <ClCompile Include="src\Utils\ImageSaverThread.cpp">
      <Filter>src\Utils</Filter>
    </ClCompile>
    <ClCompile Include="src\Utils\ImageSaver.cpp">
      <Filter>src\Utils</Filter>
    </ClCompile>
    <ClCompile Include="src\Simulator\SimNode.cpp">
      <Filter>src\Simulator</Filter>
    </ClCompile>
    <ClCompile Include="src\Simulator\SimNodeBase.cpp">
      <Filter>src\Simulator</Filter>
    </ClCompile>
    <ClCompile Include="src\Simulator\SimulationManager.cpp">
      <Filter>src\Simulator</Filter>
    </ClCompile>
    <ClCompile Include="src\Simulator\SimWorld.cpp">
      <Filter>src\Simulator</Filter>
    </ClCompile>
    <ClCompile Include="src\Simulator\SimCanvasNode.cpp">
      <Filter>src\Simulator</Filter>
    </ClCompile>
    <ClCompile Include="src\Simulator\SimCreature.cpp">
      <Filter>src\Simulator</Filter>
    </ClCompile>
    <ClCompile Include="src\Simulator\SimDebugDrawer.cpp">
      <Filter>src\Simulator</Filter>
    </ClCompile>
    <ClCompile Include="src\Simulator\SimInstance.cpp">
      <Filter>src\Simulator</Filter>
    </ClCompile>
  </ItemGroup>
  <ItemGroup>
    <ClInclude Include="src\ofApp.h">
      <Filter>src</Filter>
    </ClInclude>
    <ClInclude Include="..\..\..\addons\ofxImGui\libs\imgui\src\imgui.h">
      <Filter>addons\ofxImGui\libs\imgui\src</Filter>
    </ClInclude>
    <ClInclude Include="..\..\..\addons\ofxImGui\libs\imgui\src\imgui_internal.h">
      <Filter>addons\ofxImGui\libs\imgui\src</Filter>
    </ClInclude>
    <ClInclude Include="..\..\..\addons\ofxImGui\libs\imgui\src\imstb_rectpack.h">
      <Filter>addons\ofxImGui\libs\imgui\src</Filter>
    </ClInclude>
    <ClInclude Include="..\..\..\addons\ofxImGui\libs\imgui\src\imstb_textedit.h">
      <Filter>addons\ofxImGui\libs\imgui\src</Filter>
    </ClInclude>
    <ClInclude Include="..\..\..\addons\ofxImGui\libs\imgui\src\imstb_truetype.h">
      <Filter>addons\ofxImGui\libs\imgui\src</Filter>
    </ClInclude>
    <ClInclude Include="..\..\..\addons\ofxImGui\src\BaseEngine.h">
      <Filter>addons\ofxImGui\src</Filter>
    </ClInclude>
    <ClInclude Include="..\..\..\addons\ofxImGui\src\BaseTheme.h">
      <Filter>addons\ofxImGui\src</Filter>
    </ClInclude>
    <ClInclude Include="..\..\..\addons\ofxImGui\src\DefaultTheme.h">
      <Filter>addons\ofxImGui\src</Filter>
    </ClInclude>
    <ClInclude Include="..\..\..\addons\ofxImGui\src\EngineGLFW.h">
      <Filter>addons\ofxImGui\src</Filter>
    </ClInclude>
    <ClInclude Include="..\..\..\addons\ofxImGui\src\EngineOpenGLES.h">
      <Filter>addons\ofxImGui\src</Filter>
    </ClInclude>
    <ClInclude Include="..\..\..\addons\ofxImGui\src\EngineVk.h">
      <Filter>addons\ofxImGui\src</Filter>
    </ClInclude>
    <ClInclude Include="..\..\..\addons\ofxImGui\src\Gui.h">
      <Filter>addons\ofxImGui\src</Filter>
    </ClInclude>
    <ClInclude Include="..\..\..\addons\ofxImGui\src\Helpers.h">
      <Filter>addons\ofxImGui\src</Filter>
    </ClInclude>
    <ClInclude Include="..\..\..\addons\ofxImGui\src\imconfig.h">
      <Filter>addons\ofxImGui\src</Filter>
    </ClInclude>
    <ClInclude Include="..\..\..\addons\ofxImGui\src\ofxImGui.h">
      <Filter>addons\ofxImGui\src</Filter>
    </ClInclude>
    <ClInclude Include="..\..\..\addons\ofxImGui\src\ofxImGuiLoggerChannel.h">
      <Filter>addons\ofxImGui\src</Filter>
    </ClInclude>
    <ClInclude Include="..\..\..\addons\ofxIniSettings\src\ofxIniSettings.h">
      <Filter>addons\ofxIniSettings</Filter>
    </ClInclude>
    <ClInclude Include="..\..\..\addons\ofxGrabCam\src\ofxGrabCam.h">
      <Filter>addons\ofxGrabCam</Filter>
    </ClInclude>
    <ClInclude Include="..\..\..\addons\ofxShadowMap\src\ofxShadowMap.h">
      <Filter>addons\ofxShadowMap</Filter>
    </ClInclude>
    <ClInclude Include="..\..\..\addons\ofxOpenCv\src\ofxCvBlob.h">
      <Filter>addons\ofxOpenCv</Filter>
    </ClInclude>
    <ClInclude Include="..\..\..\addons\ofxOpenCv\src\ofxCvColorImage.h">
      <Filter>addons\ofxOpenCv</Filter>
    </ClInclude>
    <ClInclude Include="..\..\..\addons\ofxOpenCv\src\ofxCvConstants.h">
      <Filter>addons\ofxOpenCv</Filter>
    </ClInclude>
    <ClInclude Include="..\..\..\addons\ofxOpenCv\src\ofxCvContourFinder.h">
      <Filter>addons\ofxOpenCv</Filter>
    </ClInclude>
    <ClInclude Include="..\..\..\addons\ofxOpenCv\src\ofxCvFloatImage.h">
      <Filter>addons\ofxOpenCv</Filter>
    </ClInclude>
    <ClInclude Include="..\..\..\addons\ofxOpenCv\src\ofxCvGrayscaleImage.h">
      <Filter>addons\ofxOpenCv</Filter>
    </ClInclude>
    <ClInclude Include="..\..\..\addons\ofxOpenCv\src\ofxCvHaarFinder.h">
      <Filter>addons\ofxOpenCv</Filter>
    </ClInclude>
    <ClInclude Include="..\..\..\addons\ofxOpenCv\src\ofxCvImage.h">
      <Filter>addons\ofxOpenCv</Filter>
    </ClInclude>
    <ClInclude Include="..\..\..\addons\ofxOpenCv\src\ofxCvShortImage.h">
      <Filter>addons\ofxOpenCv</Filter>
    </ClInclude>
    <ClInclude Include="..\..\..\addons\ofxOpenCv\src\ofxOpenCv.h">
      <Filter>addons\ofxOpenCv</Filter>
    </ClInclude>
    <ClInclude Include="..\..\..\addons\ofxOsc\libs\oscpack\src\ip\IpEndpointName.h">
      <Filter>addons\ofxOsc</Filter>
    </ClInclude>
    <ClInclude Include="..\..\..\addons\ofxOsc\libs\oscpack\src\ip\NetworkingUtils.h">
      <Filter>addons\ofxOsc</Filter>
    </ClInclude>
    <ClInclude Include="..\..\..\addons\ofxOsc\libs\oscpack\src\ip\PacketListener.h">
      <Filter>addons\ofxOsc</Filter>
    </ClInclude>
    <ClInclude Include="..\..\..\addons\ofxOsc\libs\oscpack\src\ip\TimerListener.h">
      <Filter>addons\ofxOsc</Filter>
    </ClInclude>
    <ClInclude Include="..\..\..\addons\ofxOsc\libs\oscpack\src\ip\UdpSocket.h">
      <Filter>addons\ofxOsc</Filter>
    </ClInclude>
    <ClInclude Include="..\..\..\addons\ofxOsc\libs\oscpack\src\osc\MessageMappingOscPacketListener.h">
      <Filter>addons\ofxOsc</Filter>
    </ClInclude>
    <ClInclude Include="..\..\..\addons\ofxOsc\libs\oscpack\src\osc\OscException.h">
      <Filter>addons\ofxOsc</Filter>
    </ClInclude>
    <ClInclude Include="..\..\..\addons\ofxOsc\libs\oscpack\src\osc\OscHostEndianness.h">
      <Filter>addons\ofxOsc</Filter>
    </ClInclude>
    <ClInclude Include="..\..\..\addons\ofxOsc\libs\oscpack\src\osc\OscOutboundPacketStream.h">
      <Filter>addons\ofxOsc</Filter>
    </ClInclude>
    <ClInclude Include="..\..\..\addons\ofxOsc\libs\oscpack\src\osc\OscPacketListener.h">
      <Filter>addons\ofxOsc</Filter>
    </ClInclude>
    <ClInclude Include="..\..\..\addons\ofxOsc\libs\oscpack\src\osc\OscPrintReceivedElements.h">
      <Filter>addons\ofxOsc</Filter>
    </ClInclude>
    <ClInclude Include="..\..\..\addons\ofxOsc\libs\oscpack\src\osc\OscReceivedElements.h">
      <Filter>addons\ofxOsc</Filter>
    </ClInclude>
    <ClInclude Include="..\..\..\addons\ofxOsc\libs\oscpack\src\osc\OscTypes.h">
      <Filter>addons\ofxOsc</Filter>
    </ClInclude>
    <ClInclude Include="..\..\..\addons\ofxOsc\src\ofxOsc.h">
      <Filter>addons\ofxOsc</Filter>
    </ClInclude>
    <ClInclude Include="..\..\..\addons\ofxOsc\src\ofxOscArg.h">
      <Filter>addons\ofxOsc</Filter>
    </ClInclude>
    <ClInclude Include="..\..\..\addons\ofxOsc\src\ofxOscBundle.h">
      <Filter>addons\ofxOsc</Filter>
    </ClInclude>
    <ClInclude Include="..\..\..\addons\ofxOsc\src\ofxOscMessage.h">
      <Filter>addons\ofxOsc</Filter>
    </ClInclude>
    <ClInclude Include="..\..\..\addons\ofxOsc\src\ofxOscParameterSync.h">
      <Filter>addons\ofxOsc</Filter>
    </ClInclude>
    <ClInclude Include="..\..\..\addons\ofxOsc\src\ofxOscReceiver.h">
      <Filter>addons\ofxOsc</Filter>
    </ClInclude>
    <ClInclude Include="..\..\..\addons\ofxOsc\src\ofxOscSender.h">
      <Filter>addons\ofxOsc</Filter>
    </ClInclude>
    <ClInclude Include="libs\lz4\lz4.h">
      <Filter>libs\lz4</Filter>
    </ClInclude>
    <ClInclude Include="libs\lz4\lz4frame.h">
      <Filter>libs\lz4</Filter>
    </ClInclude>
    <ClInclude Include="libs\lz4\lz4hc.h">
      <Filter>libs\lz4</Filter>
    </ClInclude>
    <ClInclude Include="libs\lz4\xxhash.h">
      <Filter>libs\lz4</Filter>
    </ClInclude>
    <ClInclude Include="libs\json\single_include\nlohmann\json.hpp">
      <Filter>libs\json</Filter>
    </ClInclude>
    <ClInclude Include="src\Genome\DirectedGraph.h">
      <Filter>src\Genome</Filter>
    </ClInclude>
    <ClInclude Include="src\Genome\DirectedGraphConnection.h">
      <Filter>src\Genome</Filter>
    </ClInclude>
    <ClInclude Include="src\Genome\DirectedGraphNode.h">
      <Filter>src\Genome</Filter>
    </ClInclude>
    <ClInclude Include="src\Utils\MathUtils.h">
      <Filter>src\Utils</Filter>
    </ClInclude>
    <ClInclude Include="src\Utils\MeshUtils.h">
      <Filter>src\Utils</Filter>
    </ClInclude>
    <ClInclude Include="src\Utils\Scheduler.h">
      <Filter>src\Utils</Filter>
    </ClInclude>
    <ClInclude Include="src\Utils\SimUtils.h">
      <Filter>src\Utils</Filter>
    </ClInclude>
    <ClInclude Include="src\Utils\toolbox.h">
      <Filter>src\Utils</Filter>
    </ClInclude>
    <ClInclude Include="src\Networking\BufferSenderThread.h">
      <Filter>src\Networking</Filter>
    </ClInclude>
    <ClInclude Include="src\Networking\NetworkManager.h">
      <Filter>src\Networking</Filter>
    </ClInclude>
    <ClInclude Include="src\Networking\OscProtocol.h">
      <Filter>src\Networking</Filter>
    </ClInclude>
    <ClInclude Include="src\Networking\BufferSender.h">
      <Filter>src\Networking</Filter>
    </ClInclude>
    <ClInclude Include="src\Utils\ImageSaver.h">
      <Filter>src\Utils</Filter>
    </ClInclude>
    <ClInclude Include="src\Utils\ImageSaverThread.h">
      <Filter>src\Utils</Filter>
    </ClInclude>
    <ClInclude Include="src\Simulator\SimNode.h">
      <Filter>src\Simulator</Filter>
    </ClInclude>
    <ClInclude Include="src\Simulator\SimNodeBase.h">
      <Filter>src\Simulator</Filter>
    </ClInclude>
    <ClInclude Include="src\Simulator\SimulationManager.h">
      <Filter>src\Simulator</Filter>
    </ClInclude>
    <ClInclude Include="src\Simulator\SimWorld.h">
      <Filter>src\Simulator</Filter>
    </ClInclude>
    <ClInclude Include="src\Simulator\SimCanvasNode.h">
      <Filter>src\Simulator</Filter>
    </ClInclude>
    <ClInclude Include="src\Simulator\SimCreature.h">
      <Filter>src\Simulator</Filter>
    </ClInclude>
    <ClInclude Include="src\Simulator\SimDebugDrawer.h">
      <Filter>src\Simulator</Filter>
    </ClInclude>
    <ClInclude Include="src\Simulator\SimDefines.h">
      <Filter>src\Simulator</Filter>
    </ClInclude>
    <ClInclude Include="src\Simulator\SimFitnessFunc.h">
      <Filter>src\Simulator</Filter>
    </ClInclude>
    <ClInclude Include="src\Simulator\SimInfo.h">
      <Filter>src\Simulator</Filter>
    </ClInclude>
    <ClInclude Include="src\Simulator\SimInstance.h">
      <Filter>src\Simulator</Filter>
    </ClInclude>
    <ClInclude Include="src\Utils\FixedQueue.h">
      <Filter>src\Utils</Filter>
    </ClInclude>
  </ItemGroup>
</Project>